
Microsoft Visual Studio Solution File, Format Version 12.00
# Visual Studio Version 16
VisualStudioVersion = 16.0.28803.452
MinimumVisualStudioVersion = 10.0.40219.1
Project("{FAE04EC0-301F-11D3-BF4B-00C04F79EFBC}") = "File To Base64", "File To Base64\File To Base64.csproj", "{5E29D7AF-7464-467F-93BA-70FD1DD9EAAE}"
EndProject
Global
	GlobalSection(SolutionConfigurationPlatforms) = preSolution
		Debug|Any CPU = Debug|Any CPU
		Release|Any CPU = Release|Any CPU
	EndGlobalSection
	GlobalSection(ProjectConfigurationPlatforms) = postSolution
		{5E29D7AF-7464-467F-93BA-70FD1DD9EAAE}.Debug|Any CPU.ActiveCfg = Debug|Any CPU
		{5E29D7AF-7464-467F-93BA-70FD1DD9EAAE}.Debug|Any CPU.Build.0 = Debug|Any CPU
		{5E29D7AF-7464-467F-93BA-70FD1DD9EAAE}.Release|Any CPU.ActiveCfg = Release|Any CPU
		{5E29D7AF-7464-467F-93BA-70FD1DD9EAAE}.Release|Any CPU.Build.0 = Release|Any CPU
	EndGlobalSection
	GlobalSection(SolutionProperties) = preSolution
		HideSolutionNode = FALSE
	EndGlobalSection
	GlobalSection(ExtensibilityGlobals) = postSolution
		SolutionGuid = {3D8BADDA-62A8-4F5B-A7F6-5B226A97F1B8}
	EndGlobalSection
EndGlobal
